# This file is autogenerated, do not edit; changes may be undone by the next 'dep ensure'.


[[projects]]
  digest = "1:456f515a80bcc5c5d99beaee2dcb0d0598b6d4d02df804ac958f0e6e51d8e8d5"
  name = "github.com/go-redis/redis"
  packages = [
    ".",
    "internal",
    "internal/consistenthash",
    "internal/hashtag",
    "internal/pool",
    "internal/proto",
    "internal/util",
  ]
  pruneopts = "UT"
  revision = "16ab0f2ac309166bfef5cde51742f84c61c1e73c"
  version = "v6.15.9"

[[projects]]
  digest = "1:ffe5ba52b122a56df4f9854ea2918e0d9f86e74919db63dc138f8fee3253d3d6"
  name = "github.com/google/uuid"
  packages = ["."]
  pruneopts = "UT"
  revision = "0e4e31197428a347842d152773b4cace4645ca25"
  version = "v1.1.2"

[[projects]]
  digest = "1:6078383dbb7405bfa3ce16957f37564e3b716afa29b6eb45ffdb6674624d1e0d"
  name = "github.com/gorilla/mux"
  packages = ["."]
  pruneopts = "UT"
  revision = "98cb6bf42e086f6af920b965c38cacc07402d51b"
  version = "v1.8.0"

[[projects]]
  branch = "main"
  digest = "1:62ea1e064390c2a25a23367caffc41200be0f1a5fbd974452cfd955f39b0af7a"
  name = "github.com/lordkevinmo/hands-on-go"
  packages = ["chapter9/longRunningTaskV1/models"]
  pruneopts = "UT"
  revision = "c38ff262e18446fba2bd6b8b624274a0e059a0ea"

[[projects]]
  digest = "1:5ca236e4ecfeb92a57b7a4c7f139023384e7f726640f61b17820473cc82dfb77"
  name = "github.com/streadway/amqp"
  packages = ["."]
  pruneopts = "UT"
  revision = "1c71cc93ed716f9a6f4c2ae8955c25f9176d9f19"
  version = "v1.0.0"

[solve-meta]
  analyzer-name = "dep"
  analyzer-version = 1
  input-imports = [
    "github.com/go-redis/redis",
    "github.com/google/uuid",
    "github.com/gorilla/mux",
    "github.com/lordkevinmo/hands-on-go/chapter9/longRunningTaskV1/models",
    "github.com/streadway/amqp",
  ]
  solver-name = "gps-cdcl"
  solver-version = 1
