# This file is autogenerated, do not edit; changes may be undone by the next 'dep ensure'.


[[projects]]
  digest = "1:6078383dbb7405bfa3ce16957f37564e3b716afa29b6eb45ffdb6674624d1e0d"
  name = "github.com/gorilla/mux"
  packages = ["."]
  pruneopts = "UT"
  revision = "98cb6bf42e086f6af920b965c38cacc07402d51b"
  version = "v1.8.0"

[[projects]]
  digest = "1:01ed62f8f4f574d8aff1d88caee113700a2b44c42351943fa73cc1808f736a50"
  name = "github.com/jinzhu/inflection"
  packages = ["."]
  pruneopts = "UT"
  revision = "f5c5f50e6090ae76a29240b61ae2a90dd810112e"
  version = "v1.0.0"

[[projects]]
  digest = "1:3458e5dd5934a9c852e11a4ea54a07de091fdad4c36d0ac033bb90bc16b0a046"
  name = "github.com/jinzhu/now"
  packages = ["."]
  pruneopts = "UT"
  revision = "7e7333ac029d4aad7e88500a30889fcd22489425"
  version = "v1.1.1"

[[projects]]
  digest = "1:d27eedd7296593e6ea74aed67aa0d04d97305c860209b0d4996a8aa2eac7fd0b"
  name = "github.com/lib/pq"
  packages = [
    ".",
    "oid",
    "scram",
  ]
  pruneopts = "UT"
  revision = "e7751f584844fbf92a5a18b13a0af1c855e34460"
  version = "v1.8.0"

[[projects]]
  digest = "1:8072d3bb19cc9b98160f126a5aeab74242c770fc6fc64e0f75ae1b53a7f67823"
  name = "gorm.io/gorm"
  packages = [
    ".",
    "clause",
    "logger",
    "schema",
    "utils",
  ]
  pruneopts = "UT"
  revision = "33a11767eafce30831d105a6b64cc7b54a279352"
  version = "v1.20.3"

[solve-meta]
  analyzer-name = "dep"
  analyzer-version = 1
  input-imports = [
    "github.com/gorilla/mux",
    "github.com/lib/pq",
    "gorm.io/gorm",
  ]
  solver-name = "gps-cdcl"
  solver-version = 1
