# This file is autogenerated, do not edit; changes may be undone by the next 'dep ensure'.


[[projects]]
  digest = "1:90046d03861a916098d711e839ef38fd0f0c221362bf306682faa2693ca1ebf2"
  name = "github.com/micro/go-micro"
  packages = ["."]
  pruneopts = "UT"
  revision = "23dd5458548ee9132e75c6ee271bab69984c8a28"
  version = "v3.2.0"

[solve-meta]
  analyzer-name = "dep"
  analyzer-version = 1
  input-imports = ["github.com/micro/go-micro"]
  solver-name = "gps-cdcl"
  solver-version = 1
